// !$*UTF8*$!
{
	archiveVersion = 1;
	classes = {
	};
	objectVersion = 55;
	objects = {

/* Begin PBXBuildFile section */
		2014C2A427AF519000EFD2F3 /* Buttons.swift in Sources */ = {isa = PBXBuildFile; fileRef = 2014C2A327AF519000EFD2F3 /* Buttons.swift */; };
		2014C2A627AF5A1900EFD2F3 /* Images.swift in Sources */ = {isa = PBXBuildFile; fileRef = 2014C2A527AF5A1900EFD2F3 /* Images.swift */; };
		2072409127B3451C006D41FD /* TabViews.swift in Sources */ = {isa = PBXBuildFile; fileRef = 2072409027B3451C006D41FD /* TabViews.swift */; };
		2072409327B34BCD006D41FD /* Navigations.swift in Sources */ = {isa = PBXBuildFile; fileRef = 2072409227B34BCD006D41FD /* Navigations.swift */; };
		20C39B1A27B0718A00AAF06F /* TextFields.swift in Sources */ = {isa = PBXBuildFile; fileRef = 20C39B1927B0718A00AAF06F /* TextFields.swift */; };
		20C39B1C27B1EF8800AAF06F /* Dividers.swift in Sources */ = {isa = PBXBuildFile; fileRef = 20C39B1B27B1EF8800AAF06F /* Dividers.swift */; };
		20C39B1E27B1F69F00AAF06F /* HstackVstackSpacer.swift in Sources */ = {isa = PBXBuildFile; fileRef = 20C39B1D27B1F69F00AAF06F /* HstackVstackSpacer.swift */; };
		20C39B2027B1FEA300AAF06F /* HstackVstackSpacerReto.swift in Sources */ = {isa = PBXBuildFile; fileRef = 20C39B1F27B1FEA300AAF06F /* HstackVstackSpacerReto.swift */; };
		20D0882427AB32D60061772D /* PlatziApp.swift in Sources */ = {isa = PBXBuildFile; fileRef = 20D0882327AB32D60061772D /* PlatziApp.swift */; };
		20D0882627AB32D60061772D /* ContentView.swift in Sources */ = {isa = PBXBuildFile; fileRef = 20D0882527AB32D60061772D /* ContentView.swift */; };
		20D0882827AB32D70061772D /* Assets.xcassets in Resources */ = {isa = PBXBuildFile; fileRef = 20D0882727AB32D70061772D /* Assets.xcassets */; };
		20D0882B27AB32D70061772D /* Preview Assets.xcassets in Resources */ = {isa = PBXBuildFile; fileRef = 20D0882A27AB32D70061772D /* Preview Assets.xcassets */; };
		20F2C97F27AB6B6A007459C4 /* TextMod.swift in Sources */ = {isa = PBXBuildFile; fileRef = 20F2C97E27AB6B6A007459C4 /* TextMod.swift */; };
		20FD272827B3223500DBBA9A /* ZstackPadding.swift in Sources */ = {isa = PBXBuildFile; fileRef = 20FD272727B3223500DBBA9A /* ZstackPadding.swift */; };
/* End PBXBuildFile section */

/* Begin PBXFileReference section */
		2014C2A327AF519000EFD2F3 /* Buttons.swift */ = {isa = PBXFileReference; lastKnownFileType = sourcecode.swift; path = Buttons.swift; sourceTree = "<group>"; };
		2014C2A527AF5A1900EFD2F3 /* Images.swift */ = {isa = PBXFileReference; lastKnownFileType = sourcecode.swift; path = Images.swift; sourceTree = "<group>"; };
		2072409027B3451C006D41FD /* TabViews.swift */ = {isa = PBXFileReference; lastKnownFileType = sourcecode.swift; path = TabViews.swift; sourceTree = "<group>"; };
		2072409227B34BCD006D41FD /* Navigations.swift */ = {isa = PBXFileReference; lastKnownFileType = sourcecode.swift; path = Navigations.swift; sourceTree = "<group>"; };
		20C39B1927B0718A00AAF06F /* TextFields.swift */ = {isa = PBXFileReference; lastKnownFileType = sourcecode.swift; path = TextFields.swift; sourceTree = "<group>"; };
		20C39B1B27B1EF8800AAF06F /* Dividers.swift */ = {isa = PBXFileReference; lastKnownFileType = sourcecode.swift; path = Dividers.swift; sourceTree = "<group>"; };
		20C39B1D27B1F69F00AAF06F /* HstackVstackSpacer.swift */ = {isa = PBXFileReference; lastKnownFileType = sourcecode.swift; path = HstackVstackSpacer.swift; sourceTree = "<group>"; };
		20C39B1F27B1FEA300AAF06F /* HstackVstackSpacerReto.swift */ = {isa = PBXFileReference; lastKnownFileType = sourcecode.swift; path = HstackVstackSpacerReto.swift; sourceTree = "<group>"; };
		20D0882027AB32D60061772D /* Platzi.app */ = {isa = PBXFileReference; explicitFileType = wrapper.application; includeInIndex = 0; path = Platzi.app; sourceTree = BUILT_PRODUCTS_DIR; };
		20D0882327AB32D60061772D /* PlatziApp.swift */ = {isa = PBXFileReference; lastKnownFileType = sourcecode.swift; path = PlatziApp.swift; sourceTree = "<group>"; };
		20D0882527AB32D60061772D /* ContentView.swift */ = {isa = PBXFileReference; lastKnownFileType = sourcecode.swift; path = ContentView.swift; sourceTree = "<group>"; };
		20D0882727AB32D70061772D /* Assets.xcassets */ = {isa = PBXFileReference; lastKnownFileType = folder.assetcatalog; path = Assets.xcassets; sourceTree = "<group>"; };
		20D0882A27AB32D70061772D /* Preview Assets.xcassets */ = {isa = PBXFileReference; lastKnownFileType = folder.assetcatalog; path = "Preview Assets.xcassets"; sourceTree = "<group>"; };
		20D0883127AB35EB0061772D /* variablesConstantes.playground */ = {isa = PBXFileReference; lastKnownFileType = file.playground; path = variablesConstantes.playground; sourceTree = "<group>"; xcLanguageSpecificationIdentifier = xcode.lang.swift; };
		20D0883227AB3E4C0061772D /* Funciones.playground */ = {isa = PBXFileReference; lastKnownFileType = file.playground; path = Funciones.playground; sourceTree = "<group>"; xcLanguageSpecificationIdentifier = xcode.lang.swift; };
		20F2C97C27AB4602007459C4 /* Estructura.playground */ = {isa = PBXFileReference; lastKnownFileType = file.playground; path = Estructura.playground; sourceTree = "<group>"; xcLanguageSpecificationIdentifier = xcode.lang.swift; };
		20F2C97D27AB61BB007459C4 /* ComputerProperties.playground */ = {isa = PBXFileReference; lastKnownFileType = file.playground; path = ComputerProperties.playground; sourceTree = "<group>"; xcLanguageSpecificationIdentifier = xcode.lang.swift; };
		20F2C97E27AB6B6A007459C4 /* TextMod.swift */ = {isa = PBXFileReference; lastKnownFileType = sourcecode.swift; path = TextMod.swift; sourceTree = "<group>"; };
		20FD272727B3223500DBBA9A /* ZstackPadding.swift */ = {isa = PBXFileReference; lastKnownFileType = sourcecode.swift; path = ZstackPadding.swift; sourceTree = "<group>"; };
/* End PBXFileReference section */

/* Begin PBXFrameworksBuildPhase section */
		20D0881D27AB32D60061772D /* Frameworks */ = {
			isa = PBXFrameworksBuildPhase;
			buildActionMask = 2147483647;
			files = (
			);
			runOnlyForDeploymentPostprocessing = 0;
		};
/* End PBXFrameworksBuildPhase section */

/* Begin PBXGroup section */
		20D0881727AB32D60061772D = {
			isa = PBXGroup;
			children = (
				20D0882227AB32D60061772D /* Platzi */,
				20D0882127AB32D60061772D /* Products */,
			);
			sourceTree = "<group>";
		};
		20D0882127AB32D60061772D /* Products */ = {
			isa = PBXGroup;
			children = (
				20D0882027AB32D60061772D /* Platzi.app */,
			);
			name = Products;
			sourceTree = "<group>";
		};
		20D0882227AB32D60061772D /* Platzi */ = {
			isa = PBXGroup;
			children = (
				20D0883327AB3EC30061772D /* Playgrounds */,
				20D0882327AB32D60061772D /* PlatziApp.swift */,
				20D0882527AB32D60061772D /* ContentView.swift */,
				20D0882727AB32D70061772D /* Assets.xcassets */,
				20D0882927AB32D70061772D /* Preview Content */,
				20F2C97E27AB6B6A007459C4 /* TextMod.swift */,
				2014C2A327AF519000EFD2F3 /* Buttons.swift */,
				2014C2A527AF5A1900EFD2F3 /* Images.swift */,
				20C39B1927B0718A00AAF06F /* TextFields.swift */,
				20C39B1B27B1EF8800AAF06F /* Dividers.swift */,
				20C39B1D27B1F69F00AAF06F /* HstackVstackSpacer.swift */,
				20C39B1F27B1FEA300AAF06F /* HstackVstackSpacerReto.swift */,
				20FD272727B3223500DBBA9A /* ZstackPadding.swift */,
				2072409027B3451C006D41FD /* TabViews.swift */,
				2072409227B34BCD006D41FD /* Navigations.swift */,
			);
			path = Platzi;
			sourceTree = "<group>";
		};
		20D0882927AB32D70061772D /* Preview Content */ = {
			isa = PBXGroup;
			children = (
				20D0882A27AB32D70061772D /* Preview Assets.xcassets */,
			);
			path = "Preview Content";
			sourceTree = "<group>";
		};
		20D0883327AB3EC30061772D /* Playgrounds */ = {
			isa = PBXGroup;
			children = (
				20D0883227AB3E4C0061772D /* Funciones.playground */,
				20D0883127AB35EB0061772D /* variablesConstantes.playground */,
				20F2C97C27AB4602007459C4 /* Estructura.playground */,
				20F2C97D27AB61BB007459C4 /* ComputerProperties.playground */,
			);
			path = Playgrounds;
			sourceTree = "<group>";
		};
/* End PBXGroup section */

/* Begin PBXNativeTarget section */
		20D0881F27AB32D60061772D /* Platzi */ = {
			isa = PBXNativeTarget;
			buildConfigurationList = 20D0882E27AB32D70061772D /* Build configuration list for PBXNativeTarget "Platzi" */;
			buildPhases = (
				20D0881C27AB32D60061772D /* Sources */,
				20D0881D27AB32D60061772D /* Frameworks */,
				20D0881E27AB32D60061772D /* Resources */,
			);
			buildRules = (
			);
			dependencies = (
			);
			name = Platzi;
			productName = Platzi;
			productReference = 20D0882027AB32D60061772D /* Platzi.app */;
			productType = "com.apple.product-type.application";
		};
/* End PBXNativeTarget section */

/* Begin PBXProject section */
		20D0881827AB32D60061772D /* Project object */ = {
			isa = PBXProject;
			attributes = {
				BuildIndependentTargetsInParallel = 1;
				LastSwiftUpdateCheck = 1320;
				LastUpgradeCheck = 1320;
				TargetAttributes = {
					20D0881F27AB32D60061772D = {
						CreatedOnToolsVersion = 13.2.1;
					};
				};
			};
			buildConfigurationList = 20D0881B27AB32D60061772D /* Build configuration list for PBXProject "Platzi" */;
			compatibilityVersion = "Xcode 13.0";
			developmentRegion = en;
			hasScannedForEncodings = 0;
			knownRegions = (
				en,
				Base,
			);
			mainGroup = 20D0881727AB32D60061772D;
			productRefGroup = 20D0882127AB32D60061772D /* Products */;
			projectDirPath = "";
			projectRoot = "";
			targets = (
				20D0881F27AB32D60061772D /* Platzi */,
			);
		};
/* End PBXProject section */

/* Begin PBXResourcesBuildPhase section */
		20D0881E27AB32D60061772D /* Resources */ = {
			isa = PBXResourcesBuildPhase;
			buildActionMask = 2147483647;
			files = (
				20D0882B27AB32D70061772D /* Preview Assets.xcassets in Resources */,
				20D0882827AB32D70061772D /* Assets.xcassets in Resources */,
			);
			runOnlyForDeploymentPostprocessing = 0;
		};
/* End PBXResourcesBuildPhase section */

/* Begin PBXSourcesBuildPhase section */
		20D0881C27AB32D60061772D /* Sources */ = {
			isa = PBXSourcesBuildPhase;
			buildActionMask = 2147483647;
			files = (
				20F2C97F27AB6B6A007459C4 /* TextMod.swift in Sources */,
				2072409127B3451C006D41FD /* TabViews.swift in Sources */,
				20C39B1C27B1EF8800AAF06F /* Dividers.swift in Sources */,
				20D0882627AB32D60061772D /* ContentView.swift in Sources */,
				20C39B1E27B1F69F00AAF06F /* HstackVstackSpacer.swift in Sources */,
				20C39B2027B1FEA300AAF06F /* HstackVstackSpacerReto.swift in Sources */,
				20FD272827B3223500DBBA9A /* ZstackPadding.swift in Sources */,
				2072409327B34BCD006D41FD /* Navigations.swift in Sources */,
				2014C2A627AF5A1900EFD2F3 /* Images.swift in Sources */,
				20D0882427AB32D60061772D /* PlatziApp.swift in Sources */,
				2014C2A427AF519000EFD2F3 /* Buttons.swift in Sources */,
				20C39B1A27B0718A00AAF06F /* TextFields.swift in Sources */,
			);
			runOnlyForDeploymentPostprocessing = 0;
		};
/* End PBXSourcesBuildPhase section */

/* Begin XCBuildConfiguration section */
		20D0882C27AB32D70061772D /* Debug */ = {
			isa = XCBuildConfiguration;
			buildSettings = {
				ALWAYS_SEARCH_USER_PATHS = NO;
				CLANG_ANALYZER_NONNULL = YES;
				CLANG_ANALYZER_NUMBER_OBJECT_CONVERSION = YES_AGGRESSIVE;
				CLANG_CXX_LANGUAGE_STANDARD = "gnu++17";
				CLANG_CXX_LIBRARY = "libc++";
				CLANG_ENABLE_MODULES = YES;
				CLANG_ENABLE_OBJC_ARC = YES;
				CLANG_ENABLE_OBJC_WEAK = YES;
				CLANG_WARN_BLOCK_CAPTURE_AUTORELEASING = YES;
				CLANG_WARN_BOOL_CONVERSION = YES;
				CLANG_WARN_COMMA = YES;
				CLANG_WARN_CONSTANT_CONVERSION = YES;
				CLANG_WARN_DEPRECATED_OBJC_IMPLEMENTATIONS = YES;
				CLANG_WARN_DIRECT_OBJC_ISA_USAGE = YES_ERROR;
				CLANG_WARN_DOCUMENTATION_COMMENTS = YES;
				CLANG_WARN_EMPTY_BODY = YES;
				CLANG_WARN_ENUM_CONVERSION = YES;
				CLANG_WARN_INFINITE_RECURSION = YES;
				CLANG_WARN_INT_CONVERSION = YES;
				CLANG_WARN_NON_LITERAL_NULL_CONVERSION = YES;
				CLANG_WARN_OBJC_IMPLICIT_RETAIN_SELF = YES;
				CLANG_WARN_OBJC_LITERAL_CONVERSION = YES;
				CLANG_WARN_OBJC_ROOT_CLASS = YES_ERROR;
				CLANG_WARN_QUOTED_INCLUDE_IN_FRAMEWORK_HEADER = YES;
				CLANG_WARN_RANGE_LOOP_ANALYSIS = YES;
				CLANG_WARN_STRICT_PROTOTYPES = YES;
				CLANG_WARN_SUSPICIOUS_MOVE = YES;
				CLANG_WARN_UNGUARDED_AVAILABILITY = YES_AGGRESSIVE;
				CLANG_WARN_UNREACHABLE_CODE = YES;
				CLANG_WARN__DUPLICATE_METHOD_MATCH = YES;
				COPY_PHASE_STRIP = NO;
				DEBUG_INFORMATION_FORMAT = dwarf;
				ENABLE_STRICT_OBJC_MSGSEND = YES;
				ENABLE_TESTABILITY = YES;
				GCC_C_LANGUAGE_STANDARD = gnu11;
				GCC_DYNAMIC_NO_PIC = NO;
				GCC_NO_COMMON_BLOCKS = YES;
				GCC_OPTIMIZATION_LEVEL = 0;
				GCC_PREPROCESSOR_DEFINITIONS = (
					"DEBUG=1",
					"$(inherited)",
				);
				GCC_WARN_64_TO_32_BIT_CONVERSION = YES;
				GCC_WARN_ABOUT_RETURN_TYPE = YES_ERROR;
				GCC_WARN_UNDECLARED_SELECTOR = YES;
				GCC_WARN_UNINITIALIZED_AUTOS = YES_AGGRESSIVE;
				GCC_WARN_UNUSED_FUNCTION = YES;
				GCC_WARN_UNUSED_VARIABLE = YES;
				IPHONEOS_DEPLOYMENT_TARGET = 15.2;
				MTL_ENABLE_DEBUG_INFO = INCLUDE_SOURCE;
				MTL_FAST_MATH = YES;
				ONLY_ACTIVE_ARCH = YES;
				SDKROOT = iphoneos;
				SWIFT_ACTIVE_COMPILATION_CONDITIONS = DEBUG;
				SWIFT_OPTIMIZATION_LEVEL = "-Onone";
			};
			name = Debug;
		};
		20D0882D27AB32D70061772D /* Release */ = {
			isa = XCBuildConfiguration;
			buildSettings = {
				ALWAYS_SEARCH_USER_PATHS = NO;
				CLANG_ANALYZER_NONNULL = YES;
				CLANG_ANALYZER_NUMBER_OBJECT_CONVERSION = YES_AGGRESSIVE;
				CLANG_CXX_LANGUAGE_STANDARD = "gnu++17";
				CLANG_CXX_LIBRARY = "libc++";
				CLANG_ENABLE_MODULES = YES;
				CLANG_ENABLE_OBJC_ARC = YES;
				CLANG_ENABLE_OBJC_WEAK = YES;
				CLANG_WARN_BLOCK_CAPTURE_AUTORELEASING = YES;
				CLANG_WARN_BOOL_CONVERSION = YES;
				CLANG_WARN_COMMA = YES;
				CLANG_WARN_CONSTANT_CONVERSION = YES;
				CLANG_WARN_DEPRECATED_OBJC_IMPLEMENTATIONS = YES;
				CLANG_WARN_DIRECT_OBJC_ISA_USAGE = YES_ERROR;
				CLANG_WARN_DOCUMENTATION_COMMENTS = YES;
				CLANG_WARN_EMPTY_BODY = YES;
				CLANG_WARN_ENUM_CONVERSION = YES;
				CLANG_WARN_INFINITE_RECURSION = YES;
				CLANG_WARN_INT_CONVERSION = YES;
				CLANG_WARN_NON_LITERAL_NULL_CONVERSION = YES;
				CLANG_WARN_OBJC_IMPLICIT_RETAIN_SELF = YES;
				CLANG_WARN_OBJC_LITERAL_CONVERSION = YES;
				CLANG_WARN_OBJC_ROOT_CLASS = YES_ERROR;
				CLANG_WARN_QUOTED_INCLUDE_IN_FRAMEWORK_HEADER = YES;
				CLANG_WARN_RANGE_LOOP_ANALYSIS = YES;
				CLANG_WARN_STRICT_PROTOTYPES = YES;
				CLANG_WARN_SUSPICIOUS_MOVE = YES;
				CLANG_WARN_UNGUARDED_AVAILABILITY = YES_AGGRESSIVE;
				CLANG_WARN_UNREACHABLE_CODE = YES;
				CLANG_WARN__DUPLICATE_METHOD_MATCH = YES;
				COPY_PHASE_STRIP = NO;
				DEBUG_INFORMATION_FORMAT = "dwarf-with-dsym";
				ENABLE_NS_ASSERTIONS = NO;
				ENABLE_STRICT_OBJC_MSGSEND = YES;
				GCC_C_LANGUAGE_STANDARD = gnu11;
				GCC_NO_COMMON_BLOCKS = YES;
				GCC_WARN_64_TO_32_BIT_CONVERSION = YES;
				GCC_WARN_ABOUT_RETURN_TYPE = YES_ERROR;
				GCC_WARN_UNDECLARED_SELECTOR = YES;
				GCC_WARN_UNINITIALIZED_AUTOS = YES_AGGRESSIVE;
				GCC_WARN_UNUSED_FUNCTION = YES;
				GCC_WARN_UNUSED_VARIABLE = YES;
				IPHONEOS_DEPLOYMENT_TARGET = 15.2;
				MTL_ENABLE_DEBUG_INFO = NO;
				MTL_FAST_MATH = YES;
				SDKROOT = iphoneos;
				SWIFT_COMPILATION_MODE = wholemodule;
				SWIFT_OPTIMIZATION_LEVEL = "-O";
				VALIDATE_PRODUCT = YES;
			};
			name = Release;
		};
		20D0882F27AB32D70061772D /* Debug */ = {
			isa = XCBuildConfiguration;
			buildSettings = {
				ASSETCATALOG_COMPILER_APPICON_NAME = AppIcon;
				ASSETCATALOG_COMPILER_GLOBAL_ACCENT_COLOR_NAME = AccentColor;
				CODE_SIGN_STYLE = Automatic;
				CURRENT_PROJECT_VERSION = 1;
				DEVELOPMENT_ASSET_PATHS = "\"Platzi/Preview Content\"";
				DEVELOPMENT_TEAM = 5Z53LMM5TS;
				ENABLE_PREVIEWS = YES;
				GENERATE_INFOPLIST_FILE = YES;
				INFOPLIST_KEY_UIApplicationSceneManifest_Generation = YES;
				INFOPLIST_KEY_UIApplicationSupportsIndirectInputEvents = YES;
				INFOPLIST_KEY_UILaunchScreen_Generation = YES;
				INFOPLIST_KEY_UISupportedInterfaceOrientations_iPad = "UIInterfaceOrientationPortrait UIInterfaceOrientationPortraitUpsideDown UIInterfaceOrientationLandscapeLeft UIInterfaceOrientationLandscapeRight";
				INFOPLIST_KEY_UISupportedInterfaceOrientations_iPhone = "UIInterfaceOrientationPortrait UIInterfaceOrientationLandscapeLeft UIInterfaceOrientationLandscapeRight";
				LD_RUNPATH_SEARCH_PATHS = (
					"$(inherited)",
					"@executable_path/Frameworks",
				);
				MARKETING_VERSION = 1.0;
				PRODUCT_BUNDLE_IDENTIFIER = com.joasegovia9427.Platzi;
				PRODUCT_NAME = "$(TARGET_NAME)";
				SWIFT_EMIT_LOC_STRINGS = YES;
				SWIFT_VERSION = 5.0;
				TARGETED_DEVICE_FAMILY = "1,2";
			};
			name = Debug;
		};
		20D0883027AB32D70061772D /* Release */ = {
			isa = XCBuildConfiguration;
			buildSettings = {
				ASSETCATALOG_COMPILER_APPICON_NAME = AppIcon;
				ASSETCATALOG_COMPILER_GLOBAL_ACCENT_COLOR_NAME = AccentColor;
				CODE_SIGN_STYLE = Automatic;
				CURRENT_PROJECT_VERSION = 1;
				DEVELOPMENT_ASSET_PATHS = "\"Platzi/Preview Content\"";
				DEVELOPMENT_TEAM = 5Z53LMM5TS;
				ENABLE_PREVIEWS = YES;
				GENERATE_INFOPLIST_FILE = YES;
				INFOPLIST_KEY_UIApplicationSceneManifest_Generation = YES;
				INFOPLIST_KEY_UIApplicationSupportsIndirectInputEvents = YES;
				INFOPLIST_KEY_UILaunchScreen_Generation = YES;
				INFOPLIST_KEY_UISupportedInterfaceOrientations_iPad = "UIInterfaceOrientationPortrait UIInterfaceOrientationPortraitUpsideDown UIInterfaceOrientationLandscapeLeft UIInterfaceOrientationLandscapeRight";
				INFOPLIST_KEY_UISupportedInterfaceOrientations_iPhone = "UIInterfaceOrientationPortrait UIInterfaceOrientationLandscapeLeft UIInterfaceOrientationLandscapeRight";
				LD_RUNPATH_SEARCH_PATHS = (
					"$(inherited)",
					"@executable_path/Frameworks",
				);
				MARKETING_VERSION = 1.0;
				PRODUCT_BUNDLE_IDENTIFIER = com.joasegovia9427.Platzi;
				PRODUCT_NAME = "$(TARGET_NAME)";
				SWIFT_EMIT_LOC_STRINGS = YES;
				SWIFT_VERSION = 5.0;
				TARGETED_DEVICE_FAMILY = "1,2";
			};
			name = Release;
		};
/* End XCBuildConfiguration section */

/* Begin XCConfigurationList section */
		20D0881B27AB32D60061772D /* Build configuration list for PBXProject "Platzi" */ = {
			isa = XCConfigurationList;
			buildConfigurations = (
				20D0882C27AB32D70061772D /* Debug */,
				20D0882D27AB32D70061772D /* Release */,
			);
			defaultConfigurationIsVisible = 0;
			defaultConfigurationName = Release;
		};
		20D0882E27AB32D70061772D /* Build configuration list for PBXNativeTarget "Platzi" */ = {
			isa = XCConfigurationList;
			buildConfigurations = (
				20D0882F27AB32D70061772D /* Debug */,
				20D0883027AB32D70061772D /* Release */,
			);
			defaultConfigurationIsVisible = 0;
			defaultConfigurationName = Release;
		};
/* End XCConfigurationList section */
	};
	rootObject = 20D0881827AB32D60061772D /* Project object */;
}
